{
  "version": 4,
  "terraform_version": "1.4.6",
  "serial": 20,
  "lineage": "62bce63b-0a8b-8060-9092-7dd450ca6014",
  "outputs": {
    "azurerm_key_vault": {
      "value": "aktestingvaultmay",
      "type": "string"
    }
  },
  "resources": [
    {
      "mode": "data",
      "type": "azurerm_client_config",
      "name": "current",
      "provider": "provider[\"registry.terraform.io/hashicorp/azurerm\"]",
      "instances": [
        {
          "schema_version": 0,
          "attributes": {
            "client_id": "04b07795-8ddb-461a-bbee-02f9e1bf7b46",
            "id": "Y2xpZW50Q29uZmlncy9jbGllbnRJZD0wNGIwNzc5NS04ZGRiLTQ2MWEtYmJlZS0wMmY5ZTFiZjdiNDY7b2JqZWN0SWQ9MzAwYWVjNTAtMWZjZi00OTgzLThkZGQtYzE4ZjFmMzNkMWJhO3N1YnNjcmlwdGlvbklkPWQ4MzNjY2JkLWFiMGItNDA5OS1iMTU0LTdmODY4Y2JmZGNhMjt0ZW5hbnRJZD0zYzA1ZWY3Yy1mYWE5LTRiYzktOWNiNC05YzQwZGQ4NjYyNjI=",
            "object_id": "300aec50-1fcf-4983-8ddd-c18f1f33d1ba",
            "subscription_id": "d833ccbd-ab0b-4099-b154-7f868cbfdca2",
            "tenant_id": "3c05ef7c-faa9-4bc9-9cb4-9c40dd866262",
            "timeouts": null
          },
          "sensitive_attributes": []
        }
      ]
    },
    {
      "mode": "managed",
      "type": "azurerm_key_vault",
      "name": "example",
      "provider": "provider[\"registry.terraform.io/hashicorp/azurerm\"]",
      "instances": [
        {
          "schema_version": 2,
          "attributes": {
            "access_policy": [
              {
                "application_id": "",
                "certificate_permissions": null,
                "key_permissions": [
                  "Get"
                ],
                "object_id": "300aec50-1fcf-4983-8ddd-c18f1f33d1ba",
                "secret_permissions": [
                  "Get"
                ],
                "storage_permissions": [
                  "Get"
                ],
                "tenant_id": "3c05ef7c-faa9-4bc9-9cb4-9c40dd866262"
              }
            ],
            "contact": [],
            "enable_rbac_authorization": false,
            "enabled_for_deployment": false,
            "enabled_for_disk_encryption": true,
            "enabled_for_template_deployment": false,
            "id": "/subscriptions/d833ccbd-ab0b-4099-b154-7f868cbfdca2/resourceGroups/vault-testing/providers/Microsoft.KeyVault/vaults/aktestingvaultmay",
            "location": "uksouth",
            "name": "aktestingvaultmay",
            "network_acls": [
              {
                "bypass": "AzureServices",
                "default_action": "Allow",
                "ip_rules": [],
                "virtual_network_subnet_ids": []
              }
            ],
            "public_network_access_enabled": true,
            "purge_protection_enabled": false,
            "resource_group_name": "vault-testing",
            "sku_name": "standard",
            "soft_delete_retention_days": 7,
            "tags": null,
            "tenant_id": "3c05ef7c-faa9-4bc9-9cb4-9c40dd866262",
            "timeouts": null,
            "vault_uri": "https://aktestingvaultmay.vault.azure.net/"
          },
          "sensitive_attributes": [],
          "private": "eyJlMmJmYjczMC1lY2FhLTExZTYtOGY4OC0zNDM2M2JjN2M0YzAiOnsiY3JlYXRlIjoxODAwMDAwMDAwMDAwLCJkZWxldGUiOjE4MDAwMDAwMDAwMDAsInJlYWQiOjMwMDAwMDAwMDAwMCwidXBkYXRlIjoxODAwMDAwMDAwMDAwfSwic2NoZW1hX3ZlcnNpb24iOiIyIn0=",
          "dependencies": [
            "azurerm_resource_group.example",
            "data.azurerm_client_config.current"
          ]
        }
      ]
    },
    {
      "mode": "managed",
      "type": "azurerm_management_lock",
      "name": "key-vault",
      "provider": "provider[\"registry.terraform.io/hashicorp/azurerm\"]",
      "instances": [
        {
          "schema_version": 0,
          "attributes": {
            "id": "/subscriptions/d833ccbd-ab0b-4099-b154-7f868cbfdca2/resourceGroups/vault-testing/providers/Microsoft.Authorization/locks/aktestingvaultmay",
            "lock_level": "CanNotDelete",
            "name": "aktestingvaultmay",
            "notes": "Locked because it's needed by a third-party",
            "scope": "/subscriptions/d833ccbd-ab0b-4099-b154-7f868cbfdca2/resourceGroups/vault-testing",
            "timeouts": null
          },
          "sensitive_attributes": [],
          "private": "eyJlMmJmYjczMC1lY2FhLTExZTYtOGY4OC0zNDM2M2JjN2M0YzAiOnsiY3JlYXRlIjoxODAwMDAwMDAwMDAwLCJkZWxldGUiOjE4MDAwMDAwMDAwMDAsInJlYWQiOjMwMDAwMDAwMDAwMH19",
          "dependencies": [
            "azurerm_resource_group.example"
          ]
        }
      ]
    },
    {
      "mode": "managed",
      "type": "azurerm_resource_group",
      "name": "example",
      "provider": "provider[\"registry.terraform.io/hashicorp/azurerm\"]",
      "instances": [
        {
          "schema_version": 0,
          "attributes": {
            "id": "/subscriptions/d833ccbd-ab0b-4099-b154-7f868cbfdca2/resourceGroups/vault-testing",
            "location": "uksouth",
            "managed_by": "",
            "name": "vault-testing",
            "tags": null,
            "timeouts": null
          },
          "sensitive_attributes": [],
          "private": "eyJlMmJmYjczMC1lY2FhLTExZTYtOGY4OC0zNDM2M2JjN2M0YzAiOnsiY3JlYXRlIjo1NDAwMDAwMDAwMDAwLCJkZWxldGUiOjU0MDAwMDAwMDAwMDAsInJlYWQiOjMwMDAwMDAwMDAwMCwidXBkYXRlIjo1NDAwMDAwMDAwMDAwfX0="
        }
      ]
    }
  ],
  "check_results": null
}
